
Microsoft Visual Studio Solution File, Format Version 12.00
# Visual Studio Version 17
VisualStudioVersion = 17.13.35825.156 d17.13
MinimumVisualStudioVersion = 10.0.40219.1
Project("{FAE04EC0-301F-11D3-BF4B-00C04F79EFBC}") = "ContactManager", "ContactManager\ContactManager.csproj", "{ED249635-789A-408B-ACF3-98E2EE183598}"
EndProject
Global
	GlobalSection(SolutionConfigurationPlatforms) = preSolution
		Debug|Any CPU = Debug|Any CPU
		Release|Any CPU = Release|Any CPU
	EndGlobalSection
	GlobalSection(ProjectConfigurationPlatforms) = postSolution
		{ED249635-789A-408B-ACF3-98E2EE183598}.Debug|Any CPU.ActiveCfg = Debug|Any CPU
		{ED249635-789A-408B-ACF3-98E2EE183598}.Debug|Any CPU.Build.0 = Debug|Any CPU
		{ED249635-789A-408B-ACF3-98E2EE183598}.Release|Any CPU.ActiveCfg = Release|Any CPU
		{ED249635-789A-408B-ACF3-98E2EE183598}.Release|Any CPU.Build.0 = Release|Any CPU
	EndGlobalSection
	GlobalSection(SolutionProperties) = preSolution
		HideSolutionNode = FALSE
	EndGlobalSection
	GlobalSection(ExtensibilityGlobals) = postSolution
		SolutionGuid = {C015AC92-DF6F-47DD-8F8F-C314D2FE468F}
	EndGlobalSection
EndGlobal
